PODS:
  - Alamofire (4.4.0)
  - Cosmos (9.0.0)
  - GoogleMaps (2.2.0):
    - GoogleMaps/Maps (= 2.2.0)
  - GoogleMaps/Base (2.2.0)
  - GoogleMaps/Maps (2.2.0):
    - GoogleMaps/Base
  - GooglePlaces (2.2.0):
    - GoogleMaps/Base (= 2.2.0)
  - Kingfisher (3.6.2)
  - SwiftyJSON (3.1.4)

DEPENDENCIES:
  - Alamofire (~> 4.4)
  - Cosmos (~> 9.0)
  - GoogleMaps
  - GooglePlaces
  - Kingfisher (~> 3.0)
  - SwiftyJSON

SPEC CHECKSUMS:
  Alamofire: dc44b1600b800eb63da6a19039a0083d62a6a62d
  Cosmos: 33eee62b2a0418452aef470f711f83c3ea061b7b
  GoogleMaps: 104c418d61ab8a05dff06ed0784c25ea9d37da45
  GooglePlaces: bca867d5e9da15384c794b945e4226848bc6e9d9
  Kingfisher: 2c94e72c6830622c71d06adf4ea024c37d316830
  SwiftyJSON: c2842d878f95482ffceec5709abc3d05680c0220

PODFILE CHECKSUM: 2bcbf207af18af9a96421b6ae6934660c4e64fed

COCOAPODS: 1.2.1
