// !$*UTF8*$!
{
	archiveVersion = 1;
	classes = {
	};
	objectVersion = 46;
	objects = {

/* Begin PBXBuildFile section */
		0D5F55AB47AB6A2919F41773 /* Pods_MachumCafe.framework in Frameworks */ = {isa = PBXBuildFile; fileRef = DF69BB9D1440BFDB01A1A48E /* Pods_MachumCafe.framework */; };
		A702F2161EBB06DA003B390C /* LocationLabelView.xib in Resources */ = {isa = PBXBuildFile; fileRef = A702F2151EBB06DA003B390C /* LocationLabelView.xib */; };
		A702F2181EBB07E6003B390C /* LocationLabelView.swift in Sources */ = {isa = PBXBuildFile; fileRef = A702F2171EBB07E6003B390C /* LocationLabelView.swift */; };
		A702F21E1EBB273F003B390C /* SetLocationMapView.storyboard in Resources */ = {isa = PBXBuildFile; fileRef = A702F21D1EBB273F003B390C /* SetLocationMapView.storyboard */; };
		A702F2201EBB2750003B390C /* SetLocationMapViewController.swift in Sources */ = {isa = PBXBuildFile; fileRef = A702F21F1EBB2750003B390C /* SetLocationMapViewController.swift */; };
		A723B6681EAF3FBF00469FE4 /* AppDelegate.swift in Sources */ = {isa = PBXBuildFile; fileRef = A723B6671EAF3FBF00469FE4 /* AppDelegate.swift */; };
		A723B66F1EAF3FBF00469FE4 /* Assets.xcassets in Resources */ = {isa = PBXBuildFile; fileRef = A723B66E1EAF3FBF00469FE4 /* Assets.xcassets */; };
		A723B6721EAF3FBF00469FE4 /* LaunchScreen.storyboard in Resources */ = {isa = PBXBuildFile; fileRef = A723B6701EAF3FBF00469FE4 /* LaunchScreen.storyboard */; };
		A723B67A1EAF42D700469FE4 /* ListContainerView.storyboard in Resources */ = {isa = PBXBuildFile; fileRef = A723B6791EAF42D700469FE4 /* ListContainerView.storyboard */; };
		A723B67C1EAF42E600469FE4 /* ListView.storyboard in Resources */ = {isa = PBXBuildFile; fileRef = A723B67B1EAF42E600469FE4 /* ListView.storyboard */; };
		A723B67F1EAF431700469FE4 /* ListContainerViewController.swift in Sources */ = {isa = PBXBuildFile; fileRef = A723B67E1EAF431700469FE4 /* ListContainerViewController.swift */; };
		A723B6811EAF432300469FE4 /* ListViewController.swift in Sources */ = {isa = PBXBuildFile; fileRef = A723B6801EAF432300469FE4 /* ListViewController.swift */; };
		A723B6831EAF433500469FE4 /* ListTableViewCell.swift in Sources */ = {isa = PBXBuildFile; fileRef = A723B6821EAF433500469FE4 /* ListTableViewCell.swift */; };
		A723B6871EAF437400469FE4 /* LogInViewController.swift in Sources */ = {isa = PBXBuildFile; fileRef = A723B6861EAF437400469FE4 /* LogInViewController.swift */; };
		A723B6891EAF437A00469FE4 /* SignUpViewController.swift in Sources */ = {isa = PBXBuildFile; fileRef = A723B6881EAF437A00469FE4 /* SignUpViewController.swift */; };
		A723B68B1EAF439300469FE4 /* LogIn&SignUpView.storyboard in Resources */ = {isa = PBXBuildFile; fileRef = A723B68A1EAF439300469FE4 /* LogIn&SignUpView.storyboard */; };
		A723B68D1EAF483F00469FE4 /* ExtentionUIColorClass.swift in Sources */ = {isa = PBXBuildFile; fileRef = A723B68C1EAF483F00469FE4 /* ExtentionUIColorClass.swift */; };
		A750C9301ED42581007B1DD1 /* ReviewTableViewCell.xib in Resources */ = {isa = PBXBuildFile; fileRef = A750C92F1ED42581007B1DD1 /* ReviewTableViewCell.xib */; };
		A76197B61EBD84A7008E50D5 /* ModelLocation.swift in Sources */ = {isa = PBXBuildFile; fileRef = A76197B51EBD84A7008E50D5 /* ModelLocation.swift */; };
		A7B73A441EAF4A5700EB24C6 /* MainViewController.swift in Sources */ = {isa = PBXBuildFile; fileRef = A7B73A431EAF4A5700EB24C6 /* MainViewController.swift */; };
		A7B73A461EAF4A7600EB24C6 /* MainSideBarViewController.swift in Sources */ = {isa = PBXBuildFile; fileRef = A7B73A451EAF4A7600EB24C6 /* MainSideBarViewController.swift */; };
		A7B73A481EAF4A8100EB24C6 /* MainView.storyboard in Resources */ = {isa = PBXBuildFile; fileRef = A7B73A471EAF4A8100EB24C6 /* MainView.storyboard */; };
		A7B73A4E1EB0434E00EB24C6 /* ListMapView.storyboard in Resources */ = {isa = PBXBuildFile; fileRef = A7B73A4D1EB0434E00EB24C6 /* ListMapView.storyboard */; };
		A7B73A531EB2597000EB24C6 /* FilterViewController.swift in Sources */ = {isa = PBXBuildFile; fileRef = A7B73A521EB2597000EB24C6 /* FilterViewController.swift */; };
		A7B73A551EB2597700EB24C6 /* FilterView.storyboard in Resources */ = {isa = PBXBuildFile; fileRef = A7B73A541EB2597700EB24C6 /* FilterView.storyboard */; };
		A7B73A5C1EB32E1300EB24C6 /* NetworkBookmark.swift in Sources */ = {isa = PBXBuildFile; fileRef = A7B73A581EB32E1300EB24C6 /* NetworkBookmark.swift */; };
		A7B73A5D1EB32E1300EB24C6 /* NetworkCafe.swift in Sources */ = {isa = PBXBuildFile; fileRef = A7B73A591EB32E1300EB24C6 /* NetworkCafe.swift */; };
		A7B73A5E1EB32E1300EB24C6 /* NetworkUser.swift in Sources */ = {isa = PBXBuildFile; fileRef = A7B73A5A1EB32E1300EB24C6 /* NetworkUser.swift */; };
		A7B73A5F1EB32E1300EB24C6 /* URLpath.swift in Sources */ = {isa = PBXBuildFile; fileRef = A7B73A5B1EB32E1300EB24C6 /* URLpath.swift */; };
		A7B73A621EB32E2200EB24C6 /* ModelCafe.swift in Sources */ = {isa = PBXBuildFile; fileRef = A7B73A601EB32E2200EB24C6 /* ModelCafe.swift */; };
		A7B73A631EB32E2200EB24C6 /* ModelUser.swift in Sources */ = {isa = PBXBuildFile; fileRef = A7B73A611EB32E2200EB24C6 /* ModelUser.swift */; };
		A7C0F2F61EB790AC0086ADAA /* SettingViewController.swift in Sources */ = {isa = PBXBuildFile; fileRef = A7C0F2F51EB790AC0086ADAA /* SettingViewController.swift */; };
		A7C0F2F81EB790C00086ADAA /* SettingView.storyboard in Resources */ = {isa = PBXBuildFile; fileRef = A7C0F2F71EB790C00086ADAA /* SettingView.storyboard */; };
		A7C0F2FA1EB7A58B0086ADAA /* StaticFunction.swift in Sources */ = {isa = PBXBuildFile; fileRef = A7C0F2F91EB7A58B0086ADAA /* StaticFunction.swift */; };
		B518D1921ED04A5E00A9C623 /* FilterCollectionViewCell.swift in Sources */ = {isa = PBXBuildFile; fileRef = B518D1901ED04A5E00A9C623 /* FilterCollectionViewCell.swift */; };
		B518D1931ED04A5E00A9C623 /* FilterCollectionViewCell.xib in Resources */ = {isa = PBXBuildFile; fileRef = B518D1911ED04A5E00A9C623 /* FilterCollectionViewCell.xib */; };
		B53EBC391ED6D2F3008950BC /* ListMapViewController.swift in Sources */ = {isa = PBXBuildFile; fileRef = B53EBC381ED6D2F3008950BC /* ListMapViewController.swift */; };
		B56FD1361EC465D9002BDA2B /* NetworkAdmin.swift in Sources */ = {isa = PBXBuildFile; fileRef = B56FD1351EC465D9002BDA2B /* NetworkAdmin.swift */; };
		B57407251ECAD8D3002B0ECE /* WriteReviewViewController.swift in Sources */ = {isa = PBXBuildFile; fileRef = B57407241ECAD8D3002B0ECE /* WriteReviewViewController.swift */; };
		B58154D81EB9CEE1003B7A92 /* NetworkMap.swift in Sources */ = {isa = PBXBuildFile; fileRef = B58154D71EB9CEE1003B7A92 /* NetworkMap.swift */; };
		B58AAFDA1EB6CCA1002313CC /* BookmarkView.storyboard in Resources */ = {isa = PBXBuildFile; fileRef = B58AAFD81EB6CCA1002313CC /* BookmarkView.storyboard */; };
		B58AAFDB1EB6CCA1002313CC /* BookmarkViewController.swift in Sources */ = {isa = PBXBuildFile; fileRef = B58AAFD91EB6CCA1002313CC /* BookmarkViewController.swift */; };
		B58AAFDD1EB6D118002313CC /* BookmarkViewCell.swift in Sources */ = {isa = PBXBuildFile; fileRef = B58AAFDC1EB6D118002313CC /* BookmarkViewCell.swift */; };
		B5B6C7671ED49FB4005F8CB6 /* KakaoOpenSDK.framework in Frameworks */ = {isa = PBXBuildFile; fileRef = B5B6C7661ED49FB4005F8CB6 /* KakaoOpenSDK.framework */; };
		B5BA81E51EC983EA00E5BBC9 /* ReviewViewController.swift in Sources */ = {isa = PBXBuildFile; fileRef = B5BA81E41EC983EA00E5BBC9 /* ReviewViewController.swift */; };
		B5BA81E71EC9840200E5BBC9 /* ReviewView.storyboard in Resources */ = {isa = PBXBuildFile; fileRef = B5BA81E61EC9840200E5BBC9 /* ReviewView.storyboard */; };
		B5BA81E91EC9937000E5BBC9 /* ReviewTableViewCell.swift in Sources */ = {isa = PBXBuildFile; fileRef = B5BA81E81EC9937000E5BBC9 /* ReviewTableViewCell.swift */; };
		B5C9D2AB1ECC1F8500662C27 /* ModelReview.swift in Sources */ = {isa = PBXBuildFile; fileRef = B5C9D2AA1ECC1F8500662C27 /* ModelReview.swift */; };
		B78D2A201EBAE9A50069E2E9 /* SuggestionView.storyboard in Resources */ = {isa = PBXBuildFile; fileRef = B78D2A1F1EBAE9A50069E2E9 /* SuggestionView.storyboard */; };
		B78D2A231EBAE9DD0069E2E9 /* SuggestionViewController.swift in Sources */ = {isa = PBXBuildFile; fileRef = B78D2A221EBAE9DD0069E2E9 /* SuggestionViewController.swift */; };
		B78D2A271EBAFA060069E2E9 /* SuggestionCategoryTableViewCell.swift in Sources */ = {isa = PBXBuildFile; fileRef = B78D2A261EBAFA060069E2E9 /* SuggestionCategoryTableViewCell.swift */; };
		B78D2A291EBB15A50069E2E9 /* SuggestionCategory.swift in Sources */ = {isa = PBXBuildFile; fileRef = B78D2A281EBB15A50069E2E9 /* SuggestionCategory.swift */; };
		B7DFA2701EC40B8500BF4D33 /* SuggestionImagePickerViewController.swift in Sources */ = {isa = PBXBuildFile; fileRef = B7DFA26F1EC40B8500BF4D33 /* SuggestionImagePickerViewController.swift */; };
		B7DFA2721EC40BAD00BF4D33 /* SuggestionImagePickerViewCollectionViewCell.swift in Sources */ = {isa = PBXBuildFile; fileRef = B7DFA2711EC40BAD00BF4D33 /* SuggestionImagePickerViewCollectionViewCell.swift */; };
		B7E57DA61EB59F2200A6D9A7 /* CafeDetailTableViewCell.swift in Sources */ = {isa = PBXBuildFile; fileRef = B7E57DA31EB59F2200A6D9A7 /* CafeDetailTableViewCell.swift */; };
		B7E57DA71EB59F2200A6D9A7 /* CafeDetailView.storyboard in Resources */ = {isa = PBXBuildFile; fileRef = B7E57DA41EB59F2200A6D9A7 /* CafeDetailView.storyboard */; };
		B7E57DA81EB59F2200A6D9A7 /* CafeDetailViewController.swift in Sources */ = {isa = PBXBuildFile; fileRef = B7E57DA51EB59F2200A6D9A7 /* CafeDetailViewController.swift */; };
		B7E57DAA1EB5A03000A6D9A7 /* CafeDetailReviewTableViewCell.swift in Sources */ = {isa = PBXBuildFile; fileRef = B7E57DA91EB5A03000A6D9A7 /* CafeDetailReviewTableViewCell.swift */; };
/* End PBXBuildFile section */

/* Begin PBXFileReference section */
		1A03314B529D40BEFE0925CC /* Pods-MachumCafe.release.xcconfig */ = {isa = PBXFileReference; includeInIndex = 1; lastKnownFileType = text.xcconfig; name = "Pods-MachumCafe.release.xcconfig"; path = "Pods/Target Support Files/Pods-MachumCafe/Pods-MachumCafe.release.xcconfig"; sourceTree = "<group>"; };
		A702F2151EBB06DA003B390C /* LocationLabelView.xib */ = {isa = PBXFileReference; fileEncoding = 4; lastKnownFileType = file.xib; path = LocationLabelView.xib; sourceTree = "<group>"; };
		A702F2171EBB07E6003B390C /* LocationLabelView.swift */ = {isa = PBXFileReference; fileEncoding = 4; lastKnownFileType = sourcecode.swift; path = LocationLabelView.swift; sourceTree = "<group>"; };
		A702F21D1EBB273F003B390C /* SetLocationMapView.storyboard */ = {isa = PBXFileReference; fileEncoding = 4; lastKnownFileType = file.storyboard; path = SetLocationMapView.storyboard; sourceTree = "<group>"; };
		A702F21F1EBB2750003B390C /* SetLocationMapViewController.swift */ = {isa = PBXFileReference; fileEncoding = 4; lastKnownFileType = sourcecode.swift; path = SetLocationMapViewController.swift; sourceTree = "<group>"; };
		A723B6641EAF3FBF00469FE4 /* MachumCafe.app */ = {isa = PBXFileReference; explicitFileType = wrapper.application; includeInIndex = 0; path = MachumCafe.app; sourceTree = BUILT_PRODUCTS_DIR; };
		A723B6671EAF3FBF00469FE4 /* AppDelegate.swift */ = {isa = PBXFileReference; lastKnownFileType = sourcecode.swift; path = AppDelegate.swift; sourceTree = "<group>"; };
		A723B66E1EAF3FBF00469FE4 /* Assets.xcassets */ = {isa = PBXFileReference; lastKnownFileType = folder.assetcatalog; path = Assets.xcassets; sourceTree = "<group>"; };
		A723B6711EAF3FBF00469FE4 /* Base */ = {isa = PBXFileReference; lastKnownFileType = file.storyboard; name = Base; path = Base.lproj/LaunchScreen.storyboard; sourceTree = "<group>"; };
		A723B6791EAF42D700469FE4 /* ListContainerView.storyboard */ = {isa = PBXFileReference; fileEncoding = 4; lastKnownFileType = file.storyboard; path = ListContainerView.storyboard; sourceTree = "<group>"; };
		A723B67B1EAF42E600469FE4 /* ListView.storyboard */ = {isa = PBXFileReference; fileEncoding = 4; lastKnownFileType = file.storyboard; path = ListView.storyboard; sourceTree = "<group>"; };
		A723B67E1EAF431700469FE4 /* ListContainerViewController.swift */ = {isa = PBXFileReference; fileEncoding = 4; lastKnownFileType = sourcecode.swift; path = ListContainerViewController.swift; sourceTree = "<group>"; };
		A723B6801EAF432300469FE4 /* ListViewController.swift */ = {isa = PBXFileReference; fileEncoding = 4; lastKnownFileType = sourcecode.swift; path = ListViewController.swift; sourceTree = "<group>"; };
		A723B6821EAF433500469FE4 /* ListTableViewCell.swift */ = {isa = PBXFileReference; fileEncoding = 4; lastKnownFileType = sourcecode.swift; path = ListTableViewCell.swift; sourceTree = "<group>"; };
		A723B6861EAF437400469FE4 /* LogInViewController.swift */ = {isa = PBXFileReference; fileEncoding = 4; lastKnownFileType = sourcecode.swift; path = LogInViewController.swift; sourceTree = "<group>"; };
		A723B6881EAF437A00469FE4 /* SignUpViewController.swift */ = {isa = PBXFileReference; fileEncoding = 4; lastKnownFileType = sourcecode.swift; path = SignUpViewController.swift; sourceTree = "<group>"; };
		A723B68A1EAF439300469FE4 /* LogIn&SignUpView.storyboard */ = {isa = PBXFileReference; fileEncoding = 4; lastKnownFileType = file.storyboard; path = "LogIn&SignUpView.storyboard"; sourceTree = "<group>"; };
		A723B68C1EAF483F00469FE4 /* ExtentionUIColorClass.swift */ = {isa = PBXFileReference; fileEncoding = 4; lastKnownFileType = sourcecode.swift; path = ExtentionUIColorClass.swift; sourceTree = "<group>"; };
		A750C92F1ED42581007B1DD1 /* ReviewTableViewCell.xib */ = {isa = PBXFileReference; fileEncoding = 4; lastKnownFileType = file.xib; path = ReviewTableViewCell.xib; sourceTree = "<group>"; };
		A76197B51EBD84A7008E50D5 /* ModelLocation.swift */ = {isa = PBXFileReference; fileEncoding = 4; lastKnownFileType = sourcecode.swift; path = ModelLocation.swift; sourceTree = "<group>"; };
		A7B73A431EAF4A5700EB24C6 /* MainViewController.swift */ = {isa = PBXFileReference; fileEncoding = 4; lastKnownFileType = sourcecode.swift; path = MainViewController.swift; sourceTree = "<group>"; };
		A7B73A451EAF4A7600EB24C6 /* MainSideBarViewController.swift */ = {isa = PBXFileReference; fileEncoding = 4; lastKnownFileType = sourcecode.swift; path = MainSideBarViewController.swift; sourceTree = "<group>"; };
		A7B73A471EAF4A8100EB24C6 /* MainView.storyboard */ = {isa = PBXFileReference; fileEncoding = 4; lastKnownFileType = file.storyboard; path = MainView.storyboard; sourceTree = "<group>"; };
		A7B73A4D1EB0434E00EB24C6 /* ListMapView.storyboard */ = {isa = PBXFileReference; fileEncoding = 4; lastKnownFileType = file.storyboard; path = ListMapView.storyboard; sourceTree = "<group>"; };
		A7B73A521EB2597000EB24C6 /* FilterViewController.swift */ = {isa = PBXFileReference; fileEncoding = 4; lastKnownFileType = sourcecode.swift; path = FilterViewController.swift; sourceTree = "<group>"; };
		A7B73A541EB2597700EB24C6 /* FilterView.storyboard */ = {isa = PBXFileReference; fileEncoding = 4; lastKnownFileType = file.storyboard; path = FilterView.storyboard; sourceTree = "<group>"; };
		A7B73A581EB32E1300EB24C6 /* NetworkBookmark.swift */ = {isa = PBXFileReference; fileEncoding = 4; lastKnownFileType = sourcecode.swift; path = NetworkBookmark.swift; sourceTree = "<group>"; };
		A7B73A591EB32E1300EB24C6 /* NetworkCafe.swift */ = {isa = PBXFileReference; fileEncoding = 4; lastKnownFileType = sourcecode.swift; path = NetworkCafe.swift; sourceTree = "<group>"; };
		A7B73A5A1EB32E1300EB24C6 /* NetworkUser.swift */ = {isa = PBXFileReference; fileEncoding = 4; lastKnownFileType = sourcecode.swift; path = NetworkUser.swift; sourceTree = "<group>"; };
		A7B73A5B1EB32E1300EB24C6 /* URLpath.swift */ = {isa = PBXFileReference; fileEncoding = 4; lastKnownFileType = sourcecode.swift; path = URLpath.swift; sourceTree = "<group>"; };
		A7B73A601EB32E2200EB24C6 /* ModelCafe.swift */ = {isa = PBXFileReference; fileEncoding = 4; lastKnownFileType = sourcecode.swift; path = ModelCafe.swift; sourceTree = "<group>"; };
		A7B73A611EB32E2200EB24C6 /* ModelUser.swift */ = {isa = PBXFileReference; fileEncoding = 4; lastKnownFileType = sourcecode.swift; path = ModelUser.swift; sourceTree = "<group>"; };
		A7C0F2F51EB790AC0086ADAA /* SettingViewController.swift */ = {isa = PBXFileReference; fileEncoding = 4; lastKnownFileType = sourcecode.swift; path = SettingViewController.swift; sourceTree = "<group>"; };
		A7C0F2F71EB790C00086ADAA /* SettingView.storyboard */ = {isa = PBXFileReference; fileEncoding = 4; lastKnownFileType = file.storyboard; path = SettingView.storyboard; sourceTree = "<group>"; };
		A7C0F2F91EB7A58B0086ADAA /* StaticFunction.swift */ = {isa = PBXFileReference; fileEncoding = 4; lastKnownFileType = sourcecode.swift; path = StaticFunction.swift; sourceTree = "<group>"; };
		B518D1901ED04A5E00A9C623 /* FilterCollectionViewCell.swift */ = {isa = PBXFileReference; fileEncoding = 4; lastKnownFileType = sourcecode.swift; path = FilterCollectionViewCell.swift; sourceTree = "<group>"; };
		B518D1911ED04A5E00A9C623 /* FilterCollectionViewCell.xib */ = {isa = PBXFileReference; fileEncoding = 4; lastKnownFileType = file.xib; path = FilterCollectionViewCell.xib; sourceTree = "<group>"; };
		B53EBC381ED6D2F3008950BC /* ListMapViewController.swift */ = {isa = PBXFileReference; fileEncoding = 4; lastKnownFileType = sourcecode.swift; path = ListMapViewController.swift; sourceTree = "<group>"; };
		B55B9C9D1ED4A12000E05665 /* MachumCafe-Bridging-Header.h */ = {isa = PBXFileReference; lastKnownFileType = sourcecode.c.h; path = "MachumCafe-Bridging-Header.h"; sourceTree = "<group>"; };
		B56FD1351EC465D9002BDA2B /* NetworkAdmin.swift */ = {isa = PBXFileReference; fileEncoding = 4; lastKnownFileType = sourcecode.swift; path = NetworkAdmin.swift; sourceTree = "<group>"; };
		B57407241ECAD8D3002B0ECE /* WriteReviewViewController.swift */ = {isa = PBXFileReference; fileEncoding = 4; lastKnownFileType = sourcecode.swift; path = WriteReviewViewController.swift; sourceTree = "<group>"; };
		B58154D71EB9CEE1003B7A92 /* NetworkMap.swift */ = {isa = PBXFileReference; fileEncoding = 4; lastKnownFileType = sourcecode.swift; path = NetworkMap.swift; sourceTree = "<group>"; };
		B58AAFD81EB6CCA1002313CC /* BookmarkView.storyboard */ = {isa = PBXFileReference; fileEncoding = 4; lastKnownFileType = file.storyboard; path = BookmarkView.storyboard; sourceTree = "<group>"; };
		B58AAFD91EB6CCA1002313CC /* BookmarkViewController.swift */ = {isa = PBXFileReference; fileEncoding = 4; lastKnownFileType = sourcecode.swift; path = BookmarkViewController.swift; sourceTree = "<group>"; };
		B58AAFDC1EB6D118002313CC /* BookmarkViewCell.swift */ = {isa = PBXFileReference; fileEncoding = 4; lastKnownFileType = sourcecode.swift; path = BookmarkViewCell.swift; sourceTree = "<group>"; };
		B5B6C7661ED49FB4005F8CB6 /* KakaoOpenSDK.framework */ = {isa = PBXFileReference; lastKnownFileType = wrapper.framework; path = KakaoOpenSDK.framework; sourceTree = "<group>"; };
		B5BA81E41EC983EA00E5BBC9 /* ReviewViewController.swift */ = {isa = PBXFileReference; fileEncoding = 4; lastKnownFileType = sourcecode.swift; path = ReviewViewController.swift; sourceTree = "<group>"; };
		B5BA81E61EC9840200E5BBC9 /* ReviewView.storyboard */ = {isa = PBXFileReference; fileEncoding = 4; lastKnownFileType = file.storyboard; path = ReviewView.storyboard; sourceTree = "<group>"; };
		B5BA81E81EC9937000E5BBC9 /* ReviewTableViewCell.swift */ = {isa = PBXFileReference; fileEncoding = 4; lastKnownFileType = sourcecode.swift; path = ReviewTableViewCell.swift; sourceTree = "<group>"; };
		B5C9D2AA1ECC1F8500662C27 /* ModelReview.swift */ = {isa = PBXFileReference; fileEncoding = 4; lastKnownFileType = sourcecode.swift; path = ModelReview.swift; sourceTree = "<group>"; };
		B78D2A1F1EBAE9A50069E2E9 /* SuggestionView.storyboard */ = {isa = PBXFileReference; fileEncoding = 4; lastKnownFileType = file.storyboard; path = SuggestionView.storyboard; sourceTree = "<group>"; };
		B78D2A221EBAE9DD0069E2E9 /* SuggestionViewController.swift */ = {isa = PBXFileReference; fileEncoding = 4; lastKnownFileType = sourcecode.swift; path = SuggestionViewController.swift; sourceTree = "<group>"; };
		B78D2A261EBAFA060069E2E9 /* SuggestionCategoryTableViewCell.swift */ = {isa = PBXFileReference; fileEncoding = 4; lastKnownFileType = sourcecode.swift; path = SuggestionCategoryTableViewCell.swift; sourceTree = "<group>"; };
		B78D2A281EBB15A50069E2E9 /* SuggestionCategory.swift */ = {isa = PBXFileReference; fileEncoding = 4; lastKnownFileType = sourcecode.swift; path = SuggestionCategory.swift; sourceTree = "<group>"; };
		B7DFA26F1EC40B8500BF4D33 /* SuggestionImagePickerViewController.swift */ = {isa = PBXFileReference; fileEncoding = 4; lastKnownFileType = sourcecode.swift; path = SuggestionImagePickerViewController.swift; sourceTree = "<group>"; };
		B7DFA2711EC40BAD00BF4D33 /* SuggestionImagePickerViewCollectionViewCell.swift */ = {isa = PBXFileReference; fileEncoding = 4; lastKnownFileType = sourcecode.swift; path = SuggestionImagePickerViewCollectionViewCell.swift; sourceTree = "<group>"; };
		B7E57DA31EB59F2200A6D9A7 /* CafeDetailTableViewCell.swift */ = {isa = PBXFileReference; fileEncoding = 4; lastKnownFileType = sourcecode.swift; path = CafeDetailTableViewCell.swift; sourceTree = "<group>"; };
		B7E57DA41EB59F2200A6D9A7 /* CafeDetailView.storyboard */ = {isa = PBXFileReference; fileEncoding = 4; lastKnownFileType = file.storyboard; path = CafeDetailView.storyboard; sourceTree = "<group>"; };
		B7E57DA51EB59F2200A6D9A7 /* CafeDetailViewController.swift */ = {isa = PBXFileReference; fileEncoding = 4; lastKnownFileType = sourcecode.swift; path = CafeDetailViewController.swift; sourceTree = "<group>"; };
		B7E57DA91EB5A03000A6D9A7 /* CafeDetailReviewTableViewCell.swift */ = {isa = PBXFileReference; fileEncoding = 4; lastKnownFileType = sourcecode.swift; path = CafeDetailReviewTableViewCell.swift; sourceTree = "<group>"; };
		B7E57DAF1EB7026900A6D9A7 /* Info.plist */ = {isa = PBXFileReference; fileEncoding = 4; lastKnownFileType = text.plist.xml; path = Info.plist; sourceTree = "<group>"; };
		D38A059CD17D7E380F4ECDD7 /* Pods-MachumCafe.debug.xcconfig */ = {isa = PBXFileReference; includeInIndex = 1; lastKnownFileType = text.xcconfig; name = "Pods-MachumCafe.debug.xcconfig"; path = "Pods/Target Support Files/Pods-MachumCafe/Pods-MachumCafe.debug.xcconfig"; sourceTree = "<group>"; };
		DF69BB9D1440BFDB01A1A48E /* Pods_MachumCafe.framework */ = {isa = PBXFileReference; explicitFileType = wrapper.framework; includeInIndex = 0; path = Pods_MachumCafe.framework; sourceTree = BUILT_PRODUCTS_DIR; };
/* End PBXFileReference section */

/* Begin PBXFrameworksBuildPhase section */
		A723B6611EAF3FBF00469FE4 /* Frameworks */ = {
			isa = PBXFrameworksBuildPhase;
			buildActionMask = 2147483647;
			files = (
				0D5F55AB47AB6A2919F41773 /* Pods_MachumCafe.framework in Frameworks */,
				B5B6C7671ED49FB4005F8CB6 /* KakaoOpenSDK.framework in Frameworks */,
			);
			runOnlyForDeploymentPostprocessing = 0;
		};
/* End PBXFrameworksBuildPhase section */

/* Begin PBXGroup section */
		1DDEAADB916F56D1B1A1ED7B /* Pods */ = {
			isa = PBXGroup;
			children = (
				D38A059CD17D7E380F4ECDD7 /* Pods-MachumCafe.debug.xcconfig */,
				1A03314B529D40BEFE0925CC /* Pods-MachumCafe.release.xcconfig */,
			);
			name = Pods;
			sourceTree = "<group>";
		};
		34EC646EB29D465BF22D8288 /* Frameworks */ = {
			isa = PBXGroup;
			children = (
				B5B6C7661ED49FB4005F8CB6 /* KakaoOpenSDK.framework */,
				DF69BB9D1440BFDB01A1A48E /* Pods_MachumCafe.framework */,
			);
			name = Frameworks;
			sourceTree = "<group>";
		};
		A702F2191EBB1C23003B390C /* XibView */ = {
			isa = PBXGroup;
			children = (
				A702F2171EBB07E6003B390C /* LocationLabelView.swift */,
				A702F2151EBB06DA003B390C /* LocationLabelView.xib */,
				B518D1901ED04A5E00A9C623 /* FilterCollectionViewCell.swift */,
				B518D1911ED04A5E00A9C623 /* FilterCollectionViewCell.xib */,
				B5BA81E81EC9937000E5BBC9 /* ReviewTableViewCell.swift */,
				A750C92F1ED42581007B1DD1 /* ReviewTableViewCell.xib */,
			);
			name = XibView;
			sourceTree = "<group>";
		};
		A702F21A1EBB270A003B390C /* MapView */ = {
			isa = PBXGroup;
			children = (
				A702F21F1EBB2750003B390C /* SetLocationMapViewController.swift */,
				A702F21D1EBB273F003B390C /* SetLocationMapView.storyboard */,
			);
			name = MapView;
			sourceTree = "<group>";
		};
		A723B65B1EAF3FBF00469FE4 = {
			isa = PBXGroup;
			children = (
				A723B6661EAF3FBF00469FE4 /* MachumCafe */,
				A723B6651EAF3FBF00469FE4 /* Products */,
				1DDEAADB916F56D1B1A1ED7B /* Pods */,
				34EC646EB29D465BF22D8288 /* Frameworks */,
			);
			sourceTree = "<group>";
		};
		A723B6651EAF3FBF00469FE4 /* Products */ = {
			isa = PBXGroup;
			children = (
				A723B6641EAF3FBF00469FE4 /* MachumCafe.app */,
			);
			name = Products;
			sourceTree = "<group>";
		};
		A723B6661EAF3FBF00469FE4 /* MachumCafe */ = {
			isa = PBXGroup;
			children = (
				A723B6671EAF3FBF00469FE4 /* AppDelegate.swift */,
				A7B73A571EB32DF900EB24C6 /* Networking */,
				A7B73A561EB32DF000EB24C6 /* Model */,
				A723B6841EAF435800469FE4 /* LogIn & SignUp */,
				A7B73A421EAF4A4000EB24C6 /* MainView */,
				B7E57DA21EB59F0700A6D9A7 /* CafeDetailView */,
				B5BA81E31EC983B800E5BBC9 /* ReviewView */,
				B58AAFD71EB6CC82002313CC /* Bookmark */,
				B78D2A211EBAE9B20069E2E9 /* SuggestionView */,
				A723B67D1EAF42F200469FE4 /* ListContainerView */,
				A7B73A511EB2595E00EB24C6 /* FilterView */,
				A702F21A1EBB270A003B390C /* MapView */,
				A7C0F2F41EB7909A0086ADAA /* SettingView */,
				A702F2191EBB1C23003B390C /* XibView */,
				A7B73A491EAF4E2A00EB24C6 /* Extension */,
				A7B73A4A1EAF4F4E00EB24C6 /* Resource */,
			);
			path = MachumCafe;
			sourceTree = "<group>";
		};
		A723B67D1EAF42F200469FE4 /* ListContainerView */ = {
			isa = PBXGroup;
			children = (
				A723B67E1EAF431700469FE4 /* ListContainerViewController.swift */,
				A723B6801EAF432300469FE4 /* ListViewController.swift */,
				B53EBC381ED6D2F3008950BC /* ListMapViewController.swift */,
				A723B6821EAF433500469FE4 /* ListTableViewCell.swift */,
				A723B6791EAF42D700469FE4 /* ListContainerView.storyboard */,
				A723B67B1EAF42E600469FE4 /* ListView.storyboard */,
				A7B73A4D1EB0434E00EB24C6 /* ListMapView.storyboard */,
			);
			name = ListContainerView;
			sourceTree = "<group>";
		};
		A723B6841EAF435800469FE4 /* LogIn & SignUp */ = {
			isa = PBXGroup;
			children = (
				A723B6861EAF437400469FE4 /* LogInViewController.swift */,
				A723B6881EAF437A00469FE4 /* SignUpViewController.swift */,
				A723B68A1EAF439300469FE4 /* LogIn&SignUpView.storyboard */,
			);
			name = "LogIn & SignUp";
			sourceTree = "<group>";
		};
		A7B73A421EAF4A4000EB24C6 /* MainView */ = {
			isa = PBXGroup;
			children = (
				A7B73A431EAF4A5700EB24C6 /* MainViewController.swift */,
				A7B73A451EAF4A7600EB24C6 /* MainSideBarViewController.swift */,
				A7B73A471EAF4A8100EB24C6 /* MainView.storyboard */,
			);
			name = MainView;
			sourceTree = "<group>";
		};
		A7B73A491EAF4E2A00EB24C6 /* Extension */ = {
			isa = PBXGroup;
			children = (
				A723B68C1EAF483F00469FE4 /* ExtentionUIColorClass.swift */,
				A7C0F2F91EB7A58B0086ADAA /* StaticFunction.swift */,
			);
			name = Extension;
			sourceTree = "<group>";
		};
		A7B73A4A1EAF4F4E00EB24C6 /* Resource */ = {
			isa = PBXGroup;
			children = (
				A723B6701EAF3FBF00469FE4 /* LaunchScreen.storyboard */,
				A723B66E1EAF3FBF00469FE4 /* Assets.xcassets */,
				B7E57DAF1EB7026900A6D9A7 /* Info.plist */,
				B55B9C9D1ED4A12000E05665 /* MachumCafe-Bridging-Header.h */,
			);
			name = Resource;
			sourceTree = "<group>";
		};
		A7B73A511EB2595E00EB24C6 /* FilterView */ = {
			isa = PBXGroup;
			children = (
				A7B73A521EB2597000EB24C6 /* FilterViewController.swift */,
				A7B73A541EB2597700EB24C6 /* FilterView.storyboard */,
			);
			name = FilterView;
			sourceTree = "<group>";
		};
		A7B73A561EB32DF000EB24C6 /* Model */ = {
			isa = PBXGroup;
			children = (
				A7B73A601EB32E2200EB24C6 /* ModelCafe.swift */,
				B5C9D2AA1ECC1F8500662C27 /* ModelReview.swift */,
				A7B73A611EB32E2200EB24C6 /* ModelUser.swift */,
				A76197B51EBD84A7008E50D5 /* ModelLocation.swift */,
			);
			name = Model;
			sourceTree = "<group>";
		};
		A7B73A571EB32DF900EB24C6 /* Networking */ = {
			isa = PBXGroup;
			children = (
				A7B73A581EB32E1300EB24C6 /* NetworkBookmark.swift */,
				A7B73A591EB32E1300EB24C6 /* NetworkCafe.swift */,
				A7B73A5A1EB32E1300EB24C6 /* NetworkUser.swift */,
				B58154D71EB9CEE1003B7A92 /* NetworkMap.swift */,
				A7B73A5B1EB32E1300EB24C6 /* URLpath.swift */,
				B56FD1351EC465D9002BDA2B /* NetworkAdmin.swift */,
			);
			name = Networking;
			sourceTree = "<group>";
		};
		A7C0F2F41EB7909A0086ADAA /* SettingView */ = {
			isa = PBXGroup;
			children = (
				A7C0F2F51EB790AC0086ADAA /* SettingViewController.swift */,
				A7C0F2F71EB790C00086ADAA /* SettingView.storyboard */,
			);
			name = SettingView;
			sourceTree = "<group>";
		};
		B58AAFD71EB6CC82002313CC /* Bookmark */ = {
			isa = PBXGroup;
			children = (
				B58AAFD91EB6CCA1002313CC /* BookmarkViewController.swift */,
				B58AAFDC1EB6D118002313CC /* BookmarkViewCell.swift */,
				B58AAFD81EB6CCA1002313CC /* BookmarkView.storyboard */,
			);
			name = Bookmark;
			sourceTree = "<group>";
		};
		B5BA81E31EC983B800E5BBC9 /* ReviewView */ = {
			isa = PBXGroup;
			children = (
				B5BA81E41EC983EA00E5BBC9 /* ReviewViewController.swift */,
				B57407241ECAD8D3002B0ECE /* WriteReviewViewController.swift */,
				B5BA81E61EC9840200E5BBC9 /* ReviewView.storyboard */,
			);
			name = ReviewView;
			sourceTree = "<group>";
		};
		B78D2A211EBAE9B20069E2E9 /* SuggestionView */ = {
			isa = PBXGroup;
			children = (
				B78D2A221EBAE9DD0069E2E9 /* SuggestionViewController.swift */,
				B78D2A281EBB15A50069E2E9 /* SuggestionCategory.swift */,
				B78D2A261EBAFA060069E2E9 /* SuggestionCategoryTableViewCell.swift */,
				B7DFA26F1EC40B8500BF4D33 /* SuggestionImagePickerViewController.swift */,
				B7DFA2711EC40BAD00BF4D33 /* SuggestionImagePickerViewCollectionViewCell.swift */,
				B78D2A1F1EBAE9A50069E2E9 /* SuggestionView.storyboard */,
			);
			name = SuggestionView;
			sourceTree = "<group>";
		};
		B7E57DA21EB59F0700A6D9A7 /* CafeDetailView */ = {
			isa = PBXGroup;
			children = (
				B7E57DA51EB59F2200A6D9A7 /* CafeDetailViewController.swift */,
				B7E57DA31EB59F2200A6D9A7 /* CafeDetailTableViewCell.swift */,
				B7E57DA91EB5A03000A6D9A7 /* CafeDetailReviewTableViewCell.swift */,
				B7E57DA41EB59F2200A6D9A7 /* CafeDetailView.storyboard */,
			);
			name = CafeDetailView;
			sourceTree = "<group>";
		};
/* End PBXGroup section */

/* Begin PBXNativeTarget section */
		A723B6631EAF3FBF00469FE4 /* MachumCafe */ = {
			isa = PBXNativeTarget;
			buildConfigurationList = A723B6761EAF3FBF00469FE4 /* Build configuration list for PBXNativeTarget "MachumCafe" */;
			buildPhases = (
				7C4E1D000D5FD3F87430185D /* [CP] Check Pods Manifest.lock */,
				A723B6601EAF3FBF00469FE4 /* Sources */,
				A723B6611EAF3FBF00469FE4 /* Frameworks */,
				A723B6621EAF3FBF00469FE4 /* Resources */,
				9E67F4C8EAF8AC2FB2276372 /* [CP] Embed Pods Frameworks */,
				941795F361C981C4ED4575B5 /* [CP] Copy Pods Resources */,
			);
			buildRules = (
			);
			dependencies = (
			);
			name = MachumCafe;
			productName = MachumCafe;
			productReference = A723B6641EAF3FBF00469FE4 /* MachumCafe.app */;
			productType = "com.apple.product-type.application";
		};
/* End PBXNativeTarget section */

/* Begin PBXProject section */
		A723B65C1EAF3FBF00469FE4 /* Project object */ = {
			isa = PBXProject;
			attributes = {
				LastSwiftUpdateCheck = 0820;
				LastUpgradeCheck = 0820;
				ORGANIZATIONNAME = Febrix;
				TargetAttributes = {
					A723B6631EAF3FBF00469FE4 = {
						CreatedOnToolsVersion = 8.2.1;
						DevelopmentTeam = 7CBQS6T43F;
						LastSwiftMigration = 0830;
						ProvisioningStyle = Automatic;
					};
				};
			};
			buildConfigurationList = A723B65F1EAF3FBF00469FE4 /* Build configuration list for PBXProject "MachumCafe" */;
			compatibilityVersion = "Xcode 3.2";
			developmentRegion = English;
			hasScannedForEncodings = 0;
			knownRegions = (
				en,
				Base,
			);
			mainGroup = A723B65B1EAF3FBF00469FE4;
			productRefGroup = A723B6651EAF3FBF00469FE4 /* Products */;
			projectDirPath = "";
			projectRoot = "";
			targets = (
				A723B6631EAF3FBF00469FE4 /* MachumCafe */,
			);
		};
/* End PBXProject section */

/* Begin PBXResourcesBuildPhase section */
		A723B6621EAF3FBF00469FE4 /* Resources */ = {
			isa = PBXResourcesBuildPhase;
			buildActionMask = 2147483647;
			files = (
				A723B6721EAF3FBF00469FE4 /* LaunchScreen.storyboard in Resources */,
				A750C9301ED42581007B1DD1 /* ReviewTableViewCell.xib in Resources */,
				A723B67A1EAF42D700469FE4 /* ListContainerView.storyboard in Resources */,
				A723B67C1EAF42E600469FE4 /* ListView.storyboard in Resources */,
				A723B66F1EAF3FBF00469FE4 /* Assets.xcassets in Resources */,
				A723B68B1EAF439300469FE4 /* LogIn&SignUpView.storyboard in Resources */,
				A702F21E1EBB273F003B390C /* SetLocationMapView.storyboard in Resources */,
				A7B73A551EB2597700EB24C6 /* FilterView.storyboard in Resources */,
				A7C0F2F81EB790C00086ADAA /* SettingView.storyboard in Resources */,
				B78D2A201EBAE9A50069E2E9 /* SuggestionView.storyboard in Resources */,
				A7B73A4E1EB0434E00EB24C6 /* ListMapView.storyboard in Resources */,
				B518D1931ED04A5E00A9C623 /* FilterCollectionViewCell.xib in Resources */,
				B58AAFDA1EB6CCA1002313CC /* BookmarkView.storyboard in Resources */,
				B7E57DA71EB59F2200A6D9A7 /* CafeDetailView.storyboard in Resources */,
				A702F2161EBB06DA003B390C /* LocationLabelView.xib in Resources */,
				A7B73A481EAF4A8100EB24C6 /* MainView.storyboard in Resources */,
				B5BA81E71EC9840200E5BBC9 /* ReviewView.storyboard in Resources */,
			);
			runOnlyForDeploymentPostprocessing = 0;
		};
/* End PBXResourcesBuildPhase section */

/* Begin PBXShellScriptBuildPhase section */
		7C4E1D000D5FD3F87430185D /* [CP] Check Pods Manifest.lock */ = {
			isa = PBXShellScriptBuildPhase;
			buildActionMask = 2147483647;
			files = (
			);
			inputPaths = (
			);
			name = "[CP] Check Pods Manifest.lock";
			outputPaths = (
			);
			runOnlyForDeploymentPostprocessing = 0;
			shellPath = /bin/sh;
			shellScript = "diff \"${PODS_PODFILE_DIR_PATH}/Podfile.lock\" \"${PODS_ROOT}/Manifest.lock\" > /dev/null\nif [ $? != 0 ] ; then\n    # print error to STDERR\n    echo \"error: The sandbox is not in sync with the Podfile.lock. Run 'pod install' or update your CocoaPods installation.\" >&2\n    exit 1\nfi\n";
			showEnvVarsInLog = 0;
		};
		941795F361C981C4ED4575B5 /* [CP] Copy Pods Resources */ = {
			isa = PBXShellScriptBuildPhase;
			buildActionMask = 2147483647;
			files = (
			);
			inputPaths = (
			);
			name = "[CP] Copy Pods Resources";
			outputPaths = (
			);
			runOnlyForDeploymentPostprocessing = 0;
			shellPath = /bin/sh;
			shellScript = "\"${SRCROOT}/Pods/Target Support Files/Pods-MachumCafe/Pods-MachumCafe-resources.sh\"\n";
			showEnvVarsInLog = 0;
		};
		9E67F4C8EAF8AC2FB2276372 /* [CP] Embed Pods Frameworks */ = {
			isa = PBXShellScriptBuildPhase;
			buildActionMask = 2147483647;
			files = (
			);
			inputPaths = (
			);
			name = "[CP] Embed Pods Frameworks";
			outputPaths = (
			);
			runOnlyForDeploymentPostprocessing = 0;
			shellPath = /bin/sh;
			shellScript = "\"${SRCROOT}/Pods/Target Support Files/Pods-MachumCafe/Pods-MachumCafe-frameworks.sh\"\n";
			showEnvVarsInLog = 0;
		};
/* End PBXShellScriptBuildPhase section */

/* Begin PBXSourcesBuildPhase section */
		A723B6601EAF3FBF00469FE4 /* Sources */ = {
			isa = PBXSourcesBuildPhase;
			buildActionMask = 2147483647;
			files = (
				B56FD1361EC465D9002BDA2B /* NetworkAdmin.swift in Sources */,
				B58AAFDD1EB6D118002313CC /* BookmarkViewCell.swift in Sources */,
				A723B6891EAF437A00469FE4 /* SignUpViewController.swift in Sources */,
				A7B73A5E1EB32E1300EB24C6 /* NetworkUser.swift in Sources */,
				A723B6681EAF3FBF00469FE4 /* AppDelegate.swift in Sources */,
				A7C0F2FA1EB7A58B0086ADAA /* StaticFunction.swift in Sources */,
				A723B6871EAF437400469FE4 /* LogInViewController.swift in Sources */,
				B78D2A291EBB15A50069E2E9 /* SuggestionCategory.swift in Sources */,
				A723B6811EAF432300469FE4 /* ListViewController.swift in Sources */,
				A76197B61EBD84A7008E50D5 /* ModelLocation.swift in Sources */,
				B7E57DAA1EB5A03000A6D9A7 /* CafeDetailReviewTableViewCell.swift in Sources */,
				B7DFA2701EC40B8500BF4D33 /* SuggestionImagePickerViewController.swift in Sources */,
				B78D2A231EBAE9DD0069E2E9 /* SuggestionViewController.swift in Sources */,
				B57407251ECAD8D3002B0ECE /* WriteReviewViewController.swift in Sources */,
				A7B73A5C1EB32E1300EB24C6 /* NetworkBookmark.swift in Sources */,
				A723B67F1EAF431700469FE4 /* ListContainerViewController.swift in Sources */,
				B5BA81E91EC9937000E5BBC9 /* ReviewTableViewCell.swift in Sources */,
				B7E57DA61EB59F2200A6D9A7 /* CafeDetailTableViewCell.swift in Sources */,
				A7B73A631EB32E2200EB24C6 /* ModelUser.swift in Sources */,
				B7DFA2721EC40BAD00BF4D33 /* SuggestionImagePickerViewCollectionViewCell.swift in Sources */,
				B58AAFDB1EB6CCA1002313CC /* BookmarkViewController.swift in Sources */,
				B5C9D2AB1ECC1F8500662C27 /* ModelReview.swift in Sources */,
				A7B73A531EB2597000EB24C6 /* FilterViewController.swift in Sources */,
				A7B73A461EAF4A7600EB24C6 /* MainSideBarViewController.swift in Sources */,
				A7B73A441EAF4A5700EB24C6 /* MainViewController.swift in Sources */,
				B58154D81EB9CEE1003B7A92 /* NetworkMap.swift in Sources */,
				B53EBC391ED6D2F3008950BC /* ListMapViewController.swift in Sources */,
				A7B73A621EB32E2200EB24C6 /* ModelCafe.swift in Sources */,
				A702F2201EBB2750003B390C /* SetLocationMapViewController.swift in Sources */,
				B5BA81E51EC983EA00E5BBC9 /* ReviewViewController.swift in Sources */,
				B518D1921ED04A5E00A9C623 /* FilterCollectionViewCell.swift in Sources */,
				B78D2A271EBAFA060069E2E9 /* SuggestionCategoryTableViewCell.swift in Sources */,
				A723B6831EAF433500469FE4 /* ListTableViewCell.swift in Sources */,
				A702F2181EBB07E6003B390C /* LocationLabelView.swift in Sources */,
				B7E57DA81EB59F2200A6D9A7 /* CafeDetailViewController.swift in Sources */,
				A7C0F2F61EB790AC0086ADAA /* SettingViewController.swift in Sources */,
				A723B68D1EAF483F00469FE4 /* ExtentionUIColorClass.swift in Sources */,
				A7B73A5D1EB32E1300EB24C6 /* NetworkCafe.swift in Sources */,
				A7B73A5F1EB32E1300EB24C6 /* URLpath.swift in Sources */,
			);
			runOnlyForDeploymentPostprocessing = 0;
		};
/* End PBXSourcesBuildPhase section */

/* Begin PBXVariantGroup section */
		A723B6701EAF3FBF00469FE4 /* LaunchScreen.storyboard */ = {
			isa = PBXVariantGroup;
			children = (
				A723B6711EAF3FBF00469FE4 /* Base */,
			);
			name = LaunchScreen.storyboard;
			sourceTree = "<group>";
		};
/* End PBXVariantGroup section */

/* Begin XCBuildConfiguration section */
		A723B6741EAF3FBF00469FE4 /* Debug */ = {
			isa = XCBuildConfiguration;
			buildSettings = {
				ALWAYS_SEARCH_USER_PATHS = NO;
				CLANG_ANALYZER_NONNULL = YES;
				CLANG_CXX_LANGUAGE_STANDARD = "gnu++0x";
				CLANG_CXX_LIBRARY = "libc++";
				CLANG_ENABLE_MODULES = YES;
				CLANG_ENABLE_OBJC_ARC = YES;
				CLANG_WARN_BOOL_CONVERSION = YES;
				CLANG_WARN_CONSTANT_CONVERSION = YES;
				CLANG_WARN_DIRECT_OBJC_ISA_USAGE = YES_ERROR;
				CLANG_WARN_DOCUMENTATION_COMMENTS = YES;
				CLANG_WARN_EMPTY_BODY = YES;
				CLANG_WARN_ENUM_CONVERSION = YES;
				CLANG_WARN_INFINITE_RECURSION = YES;
				CLANG_WARN_INT_CONVERSION = YES;
				CLANG_WARN_OBJC_ROOT_CLASS = YES_ERROR;
				CLANG_WARN_SUSPICIOUS_MOVE = YES;
				CLANG_WARN_UNREACHABLE_CODE = YES;
				CLANG_WARN__DUPLICATE_METHOD_MATCH = YES;
				"CODE_SIGN_IDENTITY[sdk=iphoneos*]" = "iPhone Developer";
				COPY_PHASE_STRIP = NO;
				DEBUG_INFORMATION_FORMAT = dwarf;
				ENABLE_STRICT_OBJC_MSGSEND = YES;
				ENABLE_TESTABILITY = YES;
				GCC_C_LANGUAGE_STANDARD = gnu99;
				GCC_DYNAMIC_NO_PIC = NO;
				GCC_NO_COMMON_BLOCKS = YES;
				GCC_OPTIMIZATION_LEVEL = 0;
				GCC_PREPROCESSOR_DEFINITIONS = (
					"DEBUG=1",
					"$(inherited)",
				);
				GCC_WARN_64_TO_32_BIT_CONVERSION = YES;
				GCC_WARN_ABOUT_RETURN_TYPE = YES_ERROR;
				GCC_WARN_UNDECLARED_SELECTOR = YES;
				GCC_WARN_UNINITIALIZED_AUTOS = YES_AGGRESSIVE;
				GCC_WARN_UNUSED_FUNCTION = YES;
				GCC_WARN_UNUSED_VARIABLE = YES;
				IPHONEOS_DEPLOYMENT_TARGET = 10.2;
				MTL_ENABLE_DEBUG_INFO = YES;
				ONLY_ACTIVE_ARCH = YES;
				SDKROOT = iphoneos;
				SWIFT_ACTIVE_COMPILATION_CONDITIONS = DEBUG;
				SWIFT_OPTIMIZATION_LEVEL = "-Onone";
			};
			name = Debug;
		};
		A723B6751EAF3FBF00469FE4 /* Release */ = {
			isa = XCBuildConfiguration;
			buildSettings = {
				ALWAYS_SEARCH_USER_PATHS = NO;
				CLANG_ANALYZER_NONNULL = YES;
				CLANG_CXX_LANGUAGE_STANDARD = "gnu++0x";
				CLANG_CXX_LIBRARY = "libc++";
				CLANG_ENABLE_MODULES = YES;
				CLANG_ENABLE_OBJC_ARC = YES;
				CLANG_WARN_BOOL_CONVERSION = YES;
				CLANG_WARN_CONSTANT_CONVERSION = YES;
				CLANG_WARN_DIRECT_OBJC_ISA_USAGE = YES_ERROR;
				CLANG_WARN_DOCUMENTATION_COMMENTS = YES;
				CLANG_WARN_EMPTY_BODY = YES;
				CLANG_WARN_ENUM_CONVERSION = YES;
				CLANG_WARN_INFINITE_RECURSION = YES;
				CLANG_WARN_INT_CONVERSION = YES;
				CLANG_WARN_OBJC_ROOT_CLASS = YES_ERROR;
				CLANG_WARN_SUSPICIOUS_MOVE = YES;
				CLANG_WARN_UNREACHABLE_CODE = YES;
				CLANG_WARN__DUPLICATE_METHOD_MATCH = YES;
				"CODE_SIGN_IDENTITY[sdk=iphoneos*]" = "iPhone Developer";
				COPY_PHASE_STRIP = NO;
				DEBUG_INFORMATION_FORMAT = "dwarf-with-dsym";
				ENABLE_NS_ASSERTIONS = NO;
				ENABLE_STRICT_OBJC_MSGSEND = YES;
				GCC_C_LANGUAGE_STANDARD = gnu99;
				GCC_NO_COMMON_BLOCKS = YES;
				GCC_WARN_64_TO_32_BIT_CONVERSION = YES;
				GCC_WARN_ABOUT_RETURN_TYPE = YES_ERROR;
				GCC_WARN_UNDECLARED_SELECTOR = YES;
				GCC_WARN_UNINITIALIZED_AUTOS = YES_AGGRESSIVE;
				GCC_WARN_UNUSED_FUNCTION = YES;
				GCC_WARN_UNUSED_VARIABLE = YES;
				IPHONEOS_DEPLOYMENT_TARGET = 10.2;
				MTL_ENABLE_DEBUG_INFO = NO;
				SDKROOT = iphoneos;
				SWIFT_OPTIMIZATION_LEVEL = "-Owholemodule";
				VALIDATE_PRODUCT = YES;
			};
			name = Release;
		};
		A723B6771EAF3FBF00469FE4 /* Debug */ = {
			isa = XCBuildConfiguration;
			baseConfigurationReference = D38A059CD17D7E380F4ECDD7 /* Pods-MachumCafe.debug.xcconfig */;
			buildSettings = {
				ASSETCATALOG_COMPILER_APPICON_NAME = AppIcon;
				CLANG_ENABLE_MODULES = YES;
				"CODE_SIGN_IDENTITY[sdk=iphoneos*]" = "iPhone Developer";
				DEVELOPMENT_TEAM = 7CBQS6T43F;
				FRAMEWORK_SEARCH_PATHS = (
					"$(inherited)",
					"$(PROJECT_DIR)",
				);
				INFOPLIST_FILE = MachumCafe/Info.plist;
				LD_RUNPATH_SEARCH_PATHS = "$(inherited) @executable_path/Frameworks";
				PRODUCT_BUNDLE_IDENTIFIER = febrix.9000.kuchen.MachumCafe;
				PRODUCT_NAME = "$(TARGET_NAME)";
				SWIFT_OBJC_BRIDGING_HEADER = "MachumCafe/MachumCafe-Bridging-Header.h";
				SWIFT_OPTIMIZATION_LEVEL = "-Onone";
				SWIFT_VERSION = 3.0;
			};
			name = Debug;
		};
		A723B6781EAF3FBF00469FE4 /* Release */ = {
			isa = XCBuildConfiguration;
			baseConfigurationReference = 1A03314B529D40BEFE0925CC /* Pods-MachumCafe.release.xcconfig */;
			buildSettings = {
				ASSETCATALOG_COMPILER_APPICON_NAME = AppIcon;
				CLANG_ENABLE_MODULES = YES;
				"CODE_SIGN_IDENTITY[sdk=iphoneos*]" = "iPhone Developer";
				DEVELOPMENT_TEAM = 7CBQS6T43F;
				FRAMEWORK_SEARCH_PATHS = (
					"$(inherited)",
					"$(PROJECT_DIR)",
				);
				INFOPLIST_FILE = MachumCafe/Info.plist;
				LD_RUNPATH_SEARCH_PATHS = "$(inherited) @executable_path/Frameworks";
				"OTHER_LDFLAGS[arch=*]" = "-all_load";
				PRODUCT_BUNDLE_IDENTIFIER = febrix.9000.kuchen.MachumCafe;
				PRODUCT_NAME = "$(TARGET_NAME)";
				SWIFT_OBJC_BRIDGING_HEADER = "MachumCafe/MachumCafe-Bridging-Header.h";
				SWIFT_VERSION = 3.0;
			};
			name = Release;
		};
/* End XCBuildConfiguration section */

/* Begin XCConfigurationList section */
		A723B65F1EAF3FBF00469FE4 /* Build configuration list for PBXProject "MachumCafe" */ = {
			isa = XCConfigurationList;
			buildConfigurations = (
				A723B6741EAF3FBF00469FE4 /* Debug */,
				A723B6751EAF3FBF00469FE4 /* Release */,
			);
			defaultConfigurationIsVisible = 0;
			defaultConfigurationName = Release;
		};
		A723B6761EAF3FBF00469FE4 /* Build configuration list for PBXNativeTarget "MachumCafe" */ = {
			isa = XCConfigurationList;
			buildConfigurations = (
				A723B6771EAF3FBF00469FE4 /* Debug */,
				A723B6781EAF3FBF00469FE4 /* Release */,
			);
			defaultConfigurationIsVisible = 0;
			defaultConfigurationName = Release;
		};
/* End XCConfigurationList section */
	};
	rootObject = A723B65C1EAF3FBF00469FE4 /* Project object */;
}
